
Microsoft Visual Studio Solution File, Format Version 12.00
# Visual Studio Version 17
VisualStudioVersion = 17.4.33213.308
MinimumVisualStudioVersion = 10.0.40219.1
Project("{FAE04EC0-301F-11D3-BF4B-00C04F79EFBC}") = "St10219934_Nkosingiphile_Ntsele_PROG6221_Part!", "St10219934_Nkosingiphile_Ntsele_PROG6221_Part!\St10219934_Nkosingiphile_Ntsele_PROG6221_Part!.csproj", "{899AA0C6-4542-440D-B149-F60C37C69015}"
EndProject
Global
	GlobalSection(SolutionConfigurationPlatforms) = preSolution
		Debug|Any CPU = Debug|Any CPU
		Release|Any CPU = Release|Any CPU
	EndGlobalSection
	GlobalSection(ProjectConfigurationPlatforms) = postSolution
		{899AA0C6-4542-440D-B149-F60C37C69015}.Debug|Any CPU.ActiveCfg = Debug|Any CPU
		{899AA0C6-4542-440D-B149-F60C37C69015}.Debug|Any CPU.Build.0 = Debug|Any CPU
		{899AA0C6-4542-440D-B149-F60C37C69015}.Release|Any CPU.ActiveCfg = Release|Any CPU
		{899AA0C6-4542-440D-B149-F60C37C69015}.Release|Any CPU.Build.0 = Release|Any CPU
	EndGlobalSection
	GlobalSection(SolutionProperties) = preSolution
		HideSolutionNode = FALSE
	EndGlobalSection
	GlobalSection(ExtensibilityGlobals) = postSolution
		SolutionGuid = {09B7C05C-2595-4578-BE25-6D63443A0992}
	EndGlobalSection
EndGlobal
